
Microsoft Visual Studio Solution File, Format Version 12.00
# Visual Studio Version 17
VisualStudioVersion = 17.5.002.0
MinimumVisualStudioVersion = 10.0.40219.1
Project("{2150E333-8FDC-42A3-9474-1A3956D46DE8}") = "aip", "aip", "{91BBC433-A2DA-4C43-AB02-E032175AB158}"
EndProject
Project("{9A19103F-16F7-4668-BE54-9A1E7A4F7556}") = "api", "aip\api\api.csproj", "{8EDFCB2A-7301-4F51-A805-1F53BDFA5E1D}"
EndProject
Global
	GlobalSection(SolutionConfigurationPlatforms) = preSolution
		Debug|Any CPU = Debug|Any CPU
		Release|Any CPU = Release|Any CPU
	EndGlobalSection
	GlobalSection(ProjectConfigurationPlatforms) = postSolution
		{8EDFCB2A-7301-4F51-A805-1F53BDFA5E1D}.Debug|Any CPU.ActiveCfg = Debug|Any CPU
		{8EDFCB2A-7301-4F51-A805-1F53BDFA5E1D}.Debug|Any CPU.Build.0 = Debug|Any CPU
		{8EDFCB2A-7301-4F51-A805-1F53BDFA5E1D}.Release|Any CPU.ActiveCfg = Release|Any CPU
		{8EDFCB2A-7301-4F51-A805-1F53BDFA5E1D}.Release|Any CPU.Build.0 = Release|Any CPU
	EndGlobalSection
	GlobalSection(SolutionProperties) = preSolution
		HideSolutionNode = FALSE
	EndGlobalSection
	GlobalSection(NestedProjects) = preSolution
		{8EDFCB2A-7301-4F51-A805-1F53BDFA5E1D} = {91BBC433-A2DA-4C43-AB02-E032175AB158}
	EndGlobalSection
	GlobalSection(ExtensibilityGlobals) = postSolution
		SolutionGuid = {4FE6427C-D26A-492E-B11E-F97A87F099FE}
	EndGlobalSection
EndGlobal
